
Microsoft Visual Studio Solution File, Format Version 11.00
# Visual Studio 2010
Project("{656346D9-4656-40DA-A068-22D5425D4639}") = "RemObjects.Calendar", "RemObjects.Calendar.oxygene", "{FB53968C-A8ED-4345-A74F-C7BD09675284}"
EndProject
Global
	GlobalSection(SolutionConfigurationPlatforms) = preSolution
		Debug|Any CPU = Debug|Any CPU
		Debug|Mixed Platforms = Debug|Mixed Platforms
		Release|Any CPU = Release|Any CPU
		Release|Mixed Platforms = Release|Mixed Platforms
	EndGlobalSection
	GlobalSection(ProjectConfigurationPlatforms) = postSolution
		{FB53968C-A8ED-4345-A74F-C7BD09675284}.Debug|Any CPU.ActiveCfg = Debug
		{FB53968C-A8ED-4345-A74F-C7BD09675284}.Debug|Any CPU.Build.0 = Debug
		{FB53968C-A8ED-4345-A74F-C7BD09675284}.Debug|Mixed Platforms.ActiveCfg = Debug
		{FB53968C-A8ED-4345-A74F-C7BD09675284}.Debug|Mixed Platforms.Build.0 = Debug
		{FB53968C-A8ED-4345-A74F-C7BD09675284}.Release|Any CPU.ActiveCfg = Release
		{FB53968C-A8ED-4345-A74F-C7BD09675284}.Release|Any CPU.Build.0 = Release
		{FB53968C-A8ED-4345-A74F-C7BD09675284}.Release|Mixed Platforms.ActiveCfg = Release
		{FB53968C-A8ED-4345-A74F-C7BD09675284}.Release|Mixed Platforms.Build.0 = Release
	EndGlobalSection
	GlobalSection(SolutionProperties) = preSolution
		HideSolutionNode = FALSE
	EndGlobalSection
EndGlobal
